PODS:
  - Alamofire (4.8.2)
  - BSKConsole (0.1.0)
  - BSKNetwork (0.1.1):
    - Alamofire (~> 4.8.2)
    - BSKConsole (= 0.1.0)

DEPENDENCIES:
  - BSKNetwork (from `../`)

SPEC REPOS:
  http://gitlab.obplay.cn:18080/BlueSky/privatecocoapodsrepo.git:
    - BSKConsole
  https://github.com/cocoapods/specs.git:
    - Alamofire

EXTERNAL SOURCES:
  BSKNetwork:
    :path: "../"

SPEC CHECKSUMS:
  Alamofire: ae5c501addb7afdbb13687d7f2f722c78734c2d3
  BSKConsole: 85cc0ce59f0c1c5c770b0d6e9f140d108699e865
  BSKNetwork: 4dac9f011dd077a00a72820c619a39132e3129c8

PODFILE CHECKSUM: 931b937013c05f3c10a61e8ab4eb652b641dc2aa

COCOAPODS: 1.6.0.beta.2
